
Microsoft Visual Studio Solution File, Format Version 12.00
# Visual Studio Version 16
VisualStudioVersion = 16.0.30907.101
MinimumVisualStudioVersion = 10.0.40219.1
Project("{9A19103F-16F7-4668-BE54-9A1E7A4F7556}") = "KampGiris", "KampGiris\KampGiris.csproj", "{3BB7A59C-95FE-4261-BE17-A3741B8078D1}"
EndProject
Project("{9A19103F-16F7-4668-BE54-9A1E7A4F7556}") = "Donguler", "Donguler\Donguler.csproj", "{52EFFCB3-8F02-4E90-8438-C6E14322F2CB}"
EndProject
Project("{9A19103F-16F7-4668-BE54-9A1E7A4F7556}") = "ClassIntro", "ClassIntro\ClassIntro.csproj", "{2989131A-A533-4169-B9E7-54F873C5F4BB}"
EndProject
Project("{9A19103F-16F7-4668-BE54-9A1E7A4F7556}") = "Calısma", "Calısma\Calısma.csproj", "{B69B21CB-1262-4D85-A921-4A9BF2E77900}"
EndProject
Project("{9A19103F-16F7-4668-BE54-9A1E7A4F7556}") = "Metotlar", "Metotlar\Metotlar.csproj", "{0FBF45AC-CD91-4884-92FF-216EAE367254}"
EndProject
Project("{9A19103F-16F7-4668-BE54-9A1E7A4F7556}") = "Matematik", "Matematik\Matematik.csproj", "{7CEC777B-6C57-4400-86AF-E60EDAFAA69B}"
EndProject
Project("{9A19103F-16F7-4668-BE54-9A1E7A4F7556}") = "DegerVeReferansTipler", "DegerVeReferansTipler\DegerVeReferansTipler.csproj", "{29F5A896-692C-4938-A556-BB5F96185E60}"
EndProject
Project("{FAE04EC0-301F-11D3-BF4B-00C04F79EFBC}") = "ClassMetotDemo", "ClassMetotDemo\ClassMetotDemo.csproj", "{FC94B31D-D897-4B57-9283-F4E1EB522768}"
EndProject
Project("{FAE04EC0-301F-11D3-BF4B-00C04F79EFBC}") = "OOP1", "OOP1\OOP1.csproj", "{B1205B1B-AD77-4A75-B088-8B7ED4EDCDDF}"
EndProject
Project("{FAE04EC0-301F-11D3-BF4B-00C04F79EFBC}") = "Koleksiyonlar", "Koleksiyonlar\Koleksiyonlar.csproj", "{6084CFC0-BC4E-4E94-B890-AF5A5DD68EAA}"
EndProject
Project("{FAE04EC0-301F-11D3-BF4B-00C04F79EFBC}") = "GenericsIntro", "GenericsIntro\GenericsIntro.csproj", "{72BF8F14-6DB5-48B9-A696-5F7AFB79A9C6}"
EndProject
Global
	GlobalSection(SolutionConfigurationPlatforms) = preSolution
		Debug|Any CPU = Debug|Any CPU
		Release|Any CPU = Release|Any CPU
	EndGlobalSection
	GlobalSection(ProjectConfigurationPlatforms) = postSolution
		{3BB7A59C-95FE-4261-BE17-A3741B8078D1}.Debug|Any CPU.ActiveCfg = Debug|Any CPU
		{3BB7A59C-95FE-4261-BE17-A3741B8078D1}.Debug|Any CPU.Build.0 = Debug|Any CPU
		{3BB7A59C-95FE-4261-BE17-A3741B8078D1}.Release|Any CPU.ActiveCfg = Release|Any CPU
		{3BB7A59C-95FE-4261-BE17-A3741B8078D1}.Release|Any CPU.Build.0 = Release|Any CPU
		{52EFFCB3-8F02-4E90-8438-C6E14322F2CB}.Debug|Any CPU.ActiveCfg = Debug|Any CPU
		{52EFFCB3-8F02-4E90-8438-C6E14322F2CB}.Debug|Any CPU.Build.0 = Debug|Any CPU
		{52EFFCB3-8F02-4E90-8438-C6E14322F2CB}.Release|Any CPU.ActiveCfg = Release|Any CPU
		{52EFFCB3-8F02-4E90-8438-C6E14322F2CB}.Release|Any CPU.Build.0 = Release|Any CPU
		{2989131A-A533-4169-B9E7-54F873C5F4BB}.Debug|Any CPU.ActiveCfg = Debug|Any CPU
		{2989131A-A533-4169-B9E7-54F873C5F4BB}.Debug|Any CPU.Build.0 = Debug|Any CPU
		{2989131A-A533-4169-B9E7-54F873C5F4BB}.Release|Any CPU.ActiveCfg = Release|Any CPU
		{2989131A-A533-4169-B9E7-54F873C5F4BB}.Release|Any CPU.Build.0 = Release|Any CPU
		{B69B21CB-1262-4D85-A921-4A9BF2E77900}.Debug|Any CPU.ActiveCfg = Debug|Any CPU
		{B69B21CB-1262-4D85-A921-4A9BF2E77900}.Debug|Any CPU.Build.0 = Debug|Any CPU
		{B69B21CB-1262-4D85-A921-4A9BF2E77900}.Release|Any CPU.ActiveCfg = Release|Any CPU
		{B69B21CB-1262-4D85-A921-4A9BF2E77900}.Release|Any CPU.Build.0 = Release|Any CPU
		{0FBF45AC-CD91-4884-92FF-216EAE367254}.Debug|Any CPU.ActiveCfg = Debug|Any CPU
		{0FBF45AC-CD91-4884-92FF-216EAE367254}.Debug|Any CPU.Build.0 = Debug|Any CPU
		{0FBF45AC-CD91-4884-92FF-216EAE367254}.Release|Any CPU.ActiveCfg = Release|Any CPU
		{0FBF45AC-CD91-4884-92FF-216EAE367254}.Release|Any CPU.Build.0 = Release|Any CPU
		{7CEC777B-6C57-4400-86AF-E60EDAFAA69B}.Debug|Any CPU.ActiveCfg = Debug|Any CPU
		{7CEC777B-6C57-4400-86AF-E60EDAFAA69B}.Debug|Any CPU.Build.0 = Debug|Any CPU
		{7CEC777B-6C57-4400-86AF-E60EDAFAA69B}.Release|Any CPU.ActiveCfg = Release|Any CPU
		{7CEC777B-6C57-4400-86AF-E60EDAFAA69B}.Release|Any CPU.Build.0 = Release|Any CPU
		{29F5A896-692C-4938-A556-BB5F96185E60}.Debug|Any CPU.ActiveCfg = Debug|Any CPU
		{29F5A896-692C-4938-A556-BB5F96185E60}.Debug|Any CPU.Build.0 = Debug|Any CPU
		{29F5A896-692C-4938-A556-BB5F96185E60}.Release|Any CPU.ActiveCfg = Release|Any CPU
		{29F5A896-692C-4938-A556-BB5F96185E60}.Release|Any CPU.Build.0 = Release|Any CPU
		{FC94B31D-D897-4B57-9283-F4E1EB522768}.Debug|Any CPU.ActiveCfg = Debug|Any CPU
		{FC94B31D-D897-4B57-9283-F4E1EB522768}.Debug|Any CPU.Build.0 = Debug|Any CPU
		{FC94B31D-D897-4B57-9283-F4E1EB522768}.Release|Any CPU.ActiveCfg = Release|Any CPU
		{FC94B31D-D897-4B57-9283-F4E1EB522768}.Release|Any CPU.Build.0 = Release|Any CPU
		{B1205B1B-AD77-4A75-B088-8B7ED4EDCDDF}.Debug|Any CPU.ActiveCfg = Debug|Any CPU
		{B1205B1B-AD77-4A75-B088-8B7ED4EDCDDF}.Debug|Any CPU.Build.0 = Debug|Any CPU
		{B1205B1B-AD77-4A75-B088-8B7ED4EDCDDF}.Release|Any CPU.ActiveCfg = Release|Any CPU
		{B1205B1B-AD77-4A75-B088-8B7ED4EDCDDF}.Release|Any CPU.Build.0 = Release|Any CPU
		{6084CFC0-BC4E-4E94-B890-AF5A5DD68EAA}.Debug|Any CPU.ActiveCfg = Debug|Any CPU
		{6084CFC0-BC4E-4E94-B890-AF5A5DD68EAA}.Debug|Any CPU.Build.0 = Debug|Any CPU
		{6084CFC0-BC4E-4E94-B890-AF5A5DD68EAA}.Release|Any CPU.ActiveCfg = Release|Any CPU
		{6084CFC0-BC4E-4E94-B890-AF5A5DD68EAA}.Release|Any CPU.Build.0 = Release|Any CPU
		{72BF8F14-6DB5-48B9-A696-5F7AFB79A9C6}.Debug|Any CPU.ActiveCfg = Debug|Any CPU
		{72BF8F14-6DB5-48B9-A696-5F7AFB79A9C6}.Debug|Any CPU.Build.0 = Debug|Any CPU
		{72BF8F14-6DB5-48B9-A696-5F7AFB79A9C6}.Release|Any CPU.ActiveCfg = Release|Any CPU
		{72BF8F14-6DB5-48B9-A696-5F7AFB79A9C6}.Release|Any CPU.Build.0 = Release|Any CPU
	EndGlobalSection
	GlobalSection(SolutionProperties) = preSolution
		HideSolutionNode = FALSE
	EndGlobalSection
	GlobalSection(ExtensibilityGlobals) = postSolution
		SolutionGuid = {36AEC746-0487-413A-B059-125E0339FC0A}
	EndGlobalSection
EndGlobal
